
Microsoft Visual Studio Solution File, Format Version 12.00
# Visual Studio Version 16
VisualStudioVersion = 16.0.30523.141
MinimumVisualStudioVersion = 10.0.40219.1
Project("{FAE04EC0-301F-11D3-BF4B-00C04F79EFBC}") = "AP_FinalProject_4002", "AP_FinalProject_4002\AP_FinalProject_4002.csproj", "{7A23AD07-55CD-42BC-B952-1ACDC9CBFC26}"
EndProject
Global
	GlobalSection(SolutionConfigurationPlatforms) = preSolution
		Debug|Any CPU = Debug|Any CPU
		Release|Any CPU = Release|Any CPU
	EndGlobalSection
	GlobalSection(ProjectConfigurationPlatforms) = postSolution
		{7A23AD07-55CD-42BC-B952-1ACDC9CBFC26}.Debug|Any CPU.ActiveCfg = Debug|Any CPU
		{7A23AD07-55CD-42BC-B952-1ACDC9CBFC26}.Debug|Any CPU.Build.0 = Debug|Any CPU
		{7A23AD07-55CD-42BC-B952-1ACDC9CBFC26}.Release|Any CPU.ActiveCfg = Release|Any CPU
		{7A23AD07-55CD-42BC-B952-1ACDC9CBFC26}.Release|Any CPU.Build.0 = Release|Any CPU
	EndGlobalSection
	GlobalSection(SolutionProperties) = preSolution
		HideSolutionNode = FALSE
	EndGlobalSection
	GlobalSection(ExtensibilityGlobals) = postSolution
		SolutionGuid = {356090AC-3523-439A-AA41-954AD852E305}
	EndGlobalSection
EndGlobal
