
Microsoft Visual Studio Solution File, Format Version 12.00
# Visual Studio Version 16
VisualStudioVersion = 16.0.31911.196
MinimumVisualStudioVersion = 10.0.40219.1
Project("{FAE04EC0-301F-11D3-BF4B-00C04F79EFBC}") = "AP Project", "AP Project\AP Project.csproj", "{B4ED7DC3-832E-4676-8BB5-A4E2DB06A6C8}"
EndProject
Global
	GlobalSection(SolutionConfigurationPlatforms) = preSolution
		Debug|Any CPU = Debug|Any CPU
		Release|Any CPU = Release|Any CPU
	EndGlobalSection
	GlobalSection(ProjectConfigurationPlatforms) = postSolution
		{B4ED7DC3-832E-4676-8BB5-A4E2DB06A6C8}.Debug|Any CPU.ActiveCfg = Debug|Any CPU
		{B4ED7DC3-832E-4676-8BB5-A4E2DB06A6C8}.Debug|Any CPU.Build.0 = Debug|Any CPU
		{B4ED7DC3-832E-4676-8BB5-A4E2DB06A6C8}.Release|Any CPU.ActiveCfg = Release|Any CPU
		{B4ED7DC3-832E-4676-8BB5-A4E2DB06A6C8}.Release|Any CPU.Build.0 = Release|Any CPU
	EndGlobalSection
	GlobalSection(SolutionProperties) = preSolution
		HideSolutionNode = FALSE
	EndGlobalSection
	GlobalSection(ExtensibilityGlobals) = postSolution
		SolutionGuid = {8A8D7674-AF0C-4E1D-B9AA-8F645E7181D8}
	EndGlobalSection
EndGlobal
